
Microsoft Visual Studio Solution File, Format Version 12.00
# Visual Studio Version 16
VisualStudioVersion = 16.0.31410.357
MinimumVisualStudioVersion = 10.0.40219.1
Project("{FAE04EC0-301F-11D3-BF4B-00C04F79EFBC}") = "Sample_app", "Sample_app\Sample_app.csproj", "{783A1F75-68CD-4911-B4FB-8703E7E7A05C}"
EndProject
Global
	GlobalSection(SolutionConfigurationPlatforms) = preSolution
		Debug|Any CPU = Debug|Any CPU
		Release|Any CPU = Release|Any CPU
	EndGlobalSection
	GlobalSection(ProjectConfigurationPlatforms) = postSolution
		{783A1F75-68CD-4911-B4FB-8703E7E7A05C}.Debug|Any CPU.ActiveCfg = Debug|Any CPU
		{783A1F75-68CD-4911-B4FB-8703E7E7A05C}.Debug|Any CPU.Build.0 = Debug|Any CPU
		{783A1F75-68CD-4911-B4FB-8703E7E7A05C}.Release|Any CPU.ActiveCfg = Release|Any CPU
		{783A1F75-68CD-4911-B4FB-8703E7E7A05C}.Release|Any CPU.Build.0 = Release|Any CPU
	EndGlobalSection
	GlobalSection(SolutionProperties) = preSolution
		HideSolutionNode = FALSE
	EndGlobalSection
	GlobalSection(ExtensibilityGlobals) = postSolution
		SolutionGuid = {14278698-037A-416D-B2B0-A22AD886E959}
	EndGlobalSection
EndGlobal
